
Microsoft Visual Studio Solution File, Format Version 12.00
# Visual Studio Version 17
VisualStudioVersion = 17.3.32929.385
MinimumVisualStudioVersion = 10.0.40219.1
Project("{FAE04EC0-301F-11D3-BF4B-00C04F79EFBC}") = "Dalfacade", "Dalfacade\Dalfacade.csproj", "{10FF38C1-4EDE-4569-AE37-0C6363DAA20D}"
EndProject
Global
	GlobalSection(SolutionConfigurationPlatforms) = preSolution
		Debug|Any CPU = Debug|Any CPU
		Release|Any CPU = Release|Any CPU
	EndGlobalSection
	GlobalSection(ProjectConfigurationPlatforms) = postSolution
		{10FF38C1-4EDE-4569-AE37-0C6363DAA20D}.Debug|Any CPU.ActiveCfg = Debug|Any CPU
		{10FF38C1-4EDE-4569-AE37-0C6363DAA20D}.Debug|Any CPU.Build.0 = Debug|Any CPU
		{10FF38C1-4EDE-4569-AE37-0C6363DAA20D}.Release|Any CPU.ActiveCfg = Release|Any CPU
		{10FF38C1-4EDE-4569-AE37-0C6363DAA20D}.Release|Any CPU.Build.0 = Release|Any CPU
	EndGlobalSection
	GlobalSection(SolutionProperties) = preSolution
		HideSolutionNode = FALSE
	EndGlobalSection
	GlobalSection(ExtensibilityGlobals) = postSolution
		SolutionGuid = {42B8D85B-358C-4C34-BA3A-7B9BD06C0CC2}
	EndGlobalSection
EndGlobal
