
Microsoft Visual Studio Solution File, Format Version 12.00
# Visual Studio Version 17
VisualStudioVersion = 17.3.32929.385
MinimumVisualStudioVersion = 10.0.40219.1
Project("{9A19103F-16F7-4668-BE54-9A1E7A4F7556}") = "DalList", "DelList\DalList.csproj", "{AC4A4097-2E1E-4AE8-B3A3-2A10C7875B3B}"
EndProject
Project("{9A19103F-16F7-4668-BE54-9A1E7A4F7556}") = "Dalfacade", "..\Dalfacade\Dalfacade\Dalfacade.csproj", "{D0639EDD-0152-4402-86DA-10B34FE0B439}"
EndProject
Project("{9A19103F-16F7-4668-BE54-9A1E7A4F7556}") = "DalTest", "..\DelTest\DelTest\DalTest.csproj", "{3B4586DB-BC6A-4E45-ABE8-E915F3A34F0C}"
EndProject
Project("{2150E333-8FDC-42A3-9474-1A3956D46DE8}") = "BL", "BL", "{A2AE85E9-DDBF-4983-93B0-8F602A9361CC}"
EndProject
Project("{2150E333-8FDC-42A3-9474-1A3956D46DE8}") = "DAL", "DAL", "{E7036508-8A0E-4221-A667-63C573A57A77}"
EndProject
Global
	GlobalSection(SolutionConfigurationPlatforms) = preSolution
		Debug|Any CPU = Debug|Any CPU
		Release|Any CPU = Release|Any CPU
	EndGlobalSection
	GlobalSection(ProjectConfigurationPlatforms) = postSolution
		{AC4A4097-2E1E-4AE8-B3A3-2A10C7875B3B}.Debug|Any CPU.ActiveCfg = Debug|Any CPU
		{AC4A4097-2E1E-4AE8-B3A3-2A10C7875B3B}.Debug|Any CPU.Build.0 = Debug|Any CPU
		{AC4A4097-2E1E-4AE8-B3A3-2A10C7875B3B}.Release|Any CPU.ActiveCfg = Release|Any CPU
		{AC4A4097-2E1E-4AE8-B3A3-2A10C7875B3B}.Release|Any CPU.Build.0 = Release|Any CPU
		{D0639EDD-0152-4402-86DA-10B34FE0B439}.Debug|Any CPU.ActiveCfg = Debug|Any CPU
		{D0639EDD-0152-4402-86DA-10B34FE0B439}.Debug|Any CPU.Build.0 = Debug|Any CPU
		{D0639EDD-0152-4402-86DA-10B34FE0B439}.Release|Any CPU.ActiveCfg = Release|Any CPU
		{D0639EDD-0152-4402-86DA-10B34FE0B439}.Release|Any CPU.Build.0 = Release|Any CPU
		{3B4586DB-BC6A-4E45-ABE8-E915F3A34F0C}.Debug|Any CPU.ActiveCfg = Debug|Any CPU
		{3B4586DB-BC6A-4E45-ABE8-E915F3A34F0C}.Debug|Any CPU.Build.0 = Debug|Any CPU
		{3B4586DB-BC6A-4E45-ABE8-E915F3A34F0C}.Release|Any CPU.ActiveCfg = Release|Any CPU
		{3B4586DB-BC6A-4E45-ABE8-E915F3A34F0C}.Release|Any CPU.Build.0 = Release|Any CPU
	EndGlobalSection
	GlobalSection(SolutionProperties) = preSolution
		HideSolutionNode = FALSE
	EndGlobalSection
	GlobalSection(NestedProjects) = preSolution
		{AC4A4097-2E1E-4AE8-B3A3-2A10C7875B3B} = {E7036508-8A0E-4221-A667-63C573A57A77}
		{D0639EDD-0152-4402-86DA-10B34FE0B439} = {E7036508-8A0E-4221-A667-63C573A57A77}
		{3B4586DB-BC6A-4E45-ABE8-E915F3A34F0C} = {E7036508-8A0E-4221-A667-63C573A57A77}
	EndGlobalSection
	GlobalSection(ExtensibilityGlobals) = postSolution
		SolutionGuid = {2A05E154-51E7-438E-9759-C41D027C82DD}
	EndGlobalSection
EndGlobal
