
Microsoft Visual Studio Solution File, Format Version 12.00
# Visual Studio Version 17
VisualStudioVersion = 17.3.32929.385
MinimumVisualStudioVersion = 10.0.40219.1
Project("{9A19103F-16F7-4668-BE54-9A1E7A4F7556}") = "DalTest", "DalTest\DalTest.csproj", "{200A03FE-B9AB-4FC9-B33C-37F7ECB0CC6B}"
EndProject
Project("{9A19103F-16F7-4668-BE54-9A1E7A4F7556}") = "DalList", "..\DalList\DalList\DalList.csproj", "{6FCA3177-9BAE-4CDA-B87B-4F768AC0D458}"
EndProject
Project("{9A19103F-16F7-4668-BE54-9A1E7A4F7556}") = "DaLFacade", "..\DaLFacade\DaLFacade\DaLFacade.csproj", "{7E8A41F9-336C-4017-B0BC-6DBA3DAEC6B7}"
EndProject
Global
	GlobalSection(SolutionConfigurationPlatforms) = preSolution
		Debug|Any CPU = Debug|Any CPU
		Release|Any CPU = Release|Any CPU
	EndGlobalSection
	GlobalSection(ProjectConfigurationPlatforms) = postSolution
		{200A03FE-B9AB-4FC9-B33C-37F7ECB0CC6B}.Debug|Any CPU.ActiveCfg = Debug|Any CPU
		{200A03FE-B9AB-4FC9-B33C-37F7ECB0CC6B}.Debug|Any CPU.Build.0 = Debug|Any CPU
		{200A03FE-B9AB-4FC9-B33C-37F7ECB0CC6B}.Release|Any CPU.ActiveCfg = Release|Any CPU
		{200A03FE-B9AB-4FC9-B33C-37F7ECB0CC6B}.Release|Any CPU.Build.0 = Release|Any CPU
		{6FCA3177-9BAE-4CDA-B87B-4F768AC0D458}.Debug|Any CPU.ActiveCfg = Debug|Any CPU
		{6FCA3177-9BAE-4CDA-B87B-4F768AC0D458}.Debug|Any CPU.Build.0 = Debug|Any CPU
		{6FCA3177-9BAE-4CDA-B87B-4F768AC0D458}.Release|Any CPU.ActiveCfg = Release|Any CPU
		{6FCA3177-9BAE-4CDA-B87B-4F768AC0D458}.Release|Any CPU.Build.0 = Release|Any CPU
		{7E8A41F9-336C-4017-B0BC-6DBA3DAEC6B7}.Debug|Any CPU.ActiveCfg = Debug|Any CPU
		{7E8A41F9-336C-4017-B0BC-6DBA3DAEC6B7}.Debug|Any CPU.Build.0 = Debug|Any CPU
		{7E8A41F9-336C-4017-B0BC-6DBA3DAEC6B7}.Release|Any CPU.ActiveCfg = Release|Any CPU
		{7E8A41F9-336C-4017-B0BC-6DBA3DAEC6B7}.Release|Any CPU.Build.0 = Release|Any CPU
	EndGlobalSection
	GlobalSection(SolutionProperties) = preSolution
		HideSolutionNode = FALSE
	EndGlobalSection
	GlobalSection(ExtensibilityGlobals) = postSolution
		SolutionGuid = {0E144416-1CCF-4E71-BE29-1B9BC948ECCE}
	EndGlobalSection
EndGlobal
