
Microsoft Visual Studio Solution File, Format Version 12.00
# Visual Studio Version 17
VisualStudioVersion = 17.3.32929.385
MinimumVisualStudioVersion = 10.0.40219.1
Project("{9A19103F-16F7-4668-BE54-9A1E7A4F7556}") = "stage0", "stage0\stage0.csproj", "{D6D68FF6-B9D7-4116-B662-3F22F609BC33}"
EndProject
Project("{2150E333-8FDC-42A3-9474-1A3956D46DE8}") = "Solution Items", "Solution Items", "{1D59DF63-DCC6-4653-8E71-495CFBFC8E6C}"
	ProjectSection(SolutionItems) = preProject
		..\README.md = ..\README.md
	EndProjectSection
EndProject
Project("{2150E333-8FDC-42A3-9474-1A3956D46DE8}") = "Solution Items", "Solution Items", "{9A15331B-4825-4FE1-B354-129BC285CD5C}"
	ProjectSection(SolutionItems) = preProject
		..\README.md = ..\README.md
	EndProjectSection
EndProject
Global
	GlobalSection(SolutionConfigurationPlatforms) = preSolution
		Debug|Any CPU = Debug|Any CPU
		Release|Any CPU = Release|Any CPU
	EndGlobalSection
	GlobalSection(ProjectConfigurationPlatforms) = postSolution
		{D6D68FF6-B9D7-4116-B662-3F22F609BC33}.Debug|Any CPU.ActiveCfg = Debug|Any CPU
		{D6D68FF6-B9D7-4116-B662-3F22F609BC33}.Debug|Any CPU.Build.0 = Debug|Any CPU
		{D6D68FF6-B9D7-4116-B662-3F22F609BC33}.Release|Any CPU.ActiveCfg = Release|Any CPU
		{D6D68FF6-B9D7-4116-B662-3F22F609BC33}.Release|Any CPU.Build.0 = Release|Any CPU
	EndGlobalSection
	GlobalSection(SolutionProperties) = preSolution
		HideSolutionNode = FALSE
	EndGlobalSection
	GlobalSection(ExtensibilityGlobals) = postSolution
		SolutionGuid = {6F33968D-28B0-4ECE-B6B2-EBD2D6AB84DC}
	EndGlobalSection
EndGlobal
