
Microsoft Visual Studio Solution File, Format Version 12.00
# Visual Studio Version 17
VisualStudioVersion = 17.3.32929.385
MinimumVisualStudioVersion = 10.0.40219.1
Project("{9A19103F-16F7-4668-BE54-9A1E7A4F7556}") = "DalTest", "DelTest\DelTest\DalTest.csproj", "{A9E08D2E-627C-454A-9830-EBA01DDFCF86}"
EndProject
Project("{9A19103F-16F7-4668-BE54-9A1E7A4F7556}") = "DalList", "DelList\DelList\DalList.csproj", "{9BE4E664-A70D-4E7E-BC98-EA48978DE684}"
EndProject
Project("{9A19103F-16F7-4668-BE54-9A1E7A4F7556}") = "Dalfacade", "DaLFacade\DaLFacade\Dalfacade.csproj", "{A71E5BF5-9F90-4A2A-924B-D548A00FFD5A}"
EndProject
Global
	GlobalSection(SolutionConfigurationPlatforms) = preSolution
		Debug|Any CPU = Debug|Any CPU
		Release|Any CPU = Release|Any CPU
	EndGlobalSection
	GlobalSection(ProjectConfigurationPlatforms) = postSolution
		{A9E08D2E-627C-454A-9830-EBA01DDFCF86}.Debug|Any CPU.ActiveCfg = Debug|Any CPU
		{A9E08D2E-627C-454A-9830-EBA01DDFCF86}.Debug|Any CPU.Build.0 = Debug|Any CPU
		{A9E08D2E-627C-454A-9830-EBA01DDFCF86}.Release|Any CPU.ActiveCfg = Release|Any CPU
		{A9E08D2E-627C-454A-9830-EBA01DDFCF86}.Release|Any CPU.Build.0 = Release|Any CPU
		{9BE4E664-A70D-4E7E-BC98-EA48978DE684}.Debug|Any CPU.ActiveCfg = Debug|Any CPU
		{9BE4E664-A70D-4E7E-BC98-EA48978DE684}.Debug|Any CPU.Build.0 = Debug|Any CPU
		{9BE4E664-A70D-4E7E-BC98-EA48978DE684}.Release|Any CPU.ActiveCfg = Release|Any CPU
		{9BE4E664-A70D-4E7E-BC98-EA48978DE684}.Release|Any CPU.Build.0 = Release|Any CPU
		{A71E5BF5-9F90-4A2A-924B-D548A00FFD5A}.Debug|Any CPU.ActiveCfg = Debug|Any CPU
		{A71E5BF5-9F90-4A2A-924B-D548A00FFD5A}.Debug|Any CPU.Build.0 = Debug|Any CPU
		{A71E5BF5-9F90-4A2A-924B-D548A00FFD5A}.Release|Any CPU.ActiveCfg = Release|Any CPU
		{A71E5BF5-9F90-4A2A-924B-D548A00FFD5A}.Release|Any CPU.Build.0 = Release|Any CPU
	EndGlobalSection
	GlobalSection(SolutionProperties) = preSolution
		HideSolutionNode = FALSE
	EndGlobalSection
	GlobalSection(ExtensibilityGlobals) = postSolution
		SolutionGuid = {6F33968D-28B0-4ECE-B6B2-EBD2D6AB84DC}
	EndGlobalSection
EndGlobal
